// !$*UTF8*$!
{
	archiveVersion = 1;
	classes = {
	};
	objectVersion = 56;
	objects = {

/* Begin PBXBuildFile section */
		DB5A24EA29CD171A00A84EC3 /* LandmarksApp.swift in Sources */ = {isa = PBXBuildFile; fileRef = DB5A24E929CD171A00A84EC3 /* LandmarksApp.swift */; };
		DB5A24EC29CD171A00A84EC3 /* ContentView.swift in Sources */ = {isa = PBXBuildFile; fileRef = DB5A24EB29CD171A00A84EC3 /* ContentView.swift */; };
		DB5A24EE29CD171B00A84EC3 /* Assets.xcassets in Resources */ = {isa = PBXBuildFile; fileRef = DB5A24ED29CD171B00A84EC3 /* Assets.xcassets */; };
		DB5A24F229CD171B00A84EC3 /* Preview Assets.xcassets in Resources */ = {isa = PBXBuildFile; fileRef = DB5A24F129CD171B00A84EC3 /* Preview Assets.xcassets */; };
		DB5A24FC29CD171B00A84EC3 /* LandmarksTests.swift in Sources */ = {isa = PBXBuildFile; fileRef = DB5A24FB29CD171B00A84EC3 /* LandmarksTests.swift */; };
		DB5A250629CD171C00A84EC3 /* LandmarksUITests.swift in Sources */ = {isa = PBXBuildFile; fileRef = DB5A250529CD171C00A84EC3 /* LandmarksUITests.swift */; };
		DB5A250829CD171C00A84EC3 /* LandmarksUITestsLaunchTests.swift in Sources */ = {isa = PBXBuildFile; fileRef = DB5A250729CD171C00A84EC3 /* LandmarksUITestsLaunchTests.swift */; };
		DB5A251529CD4A5A00A84EC3 /* CircleImage.swift in Sources */ = {isa = PBXBuildFile; fileRef = DB5A251429CD4A5A00A84EC3 /* CircleImage.swift */; };
		DB5A251729CD4B6000A84EC3 /* MapView.swift in Sources */ = {isa = PBXBuildFile; fileRef = DB5A251629CD4B6000A84EC3 /* MapView.swift */; };
		DB5A251929CE60CC00A84EC3 /* landmarkData.json in Resources */ = {isa = PBXBuildFile; fileRef = DB5A251829CE60CC00A84EC3 /* landmarkData.json */; };
		DB5A251B29CE60F100A84EC3 /* Landmark.swift in Sources */ = {isa = PBXBuildFile; fileRef = DB5A251A29CE60F100A84EC3 /* Landmark.swift */; };
		DB5A251D29CE670400A84EC3 /* ModelData.swift in Sources */ = {isa = PBXBuildFile; fileRef = DB5A251C29CE670400A84EC3 /* ModelData.swift */; };
		DB5A252429CEAD5700A84EC3 /* LandmarkRow.swift in Sources */ = {isa = PBXBuildFile; fileRef = DB5A252329CEAD5700A84EC3 /* LandmarkRow.swift */; };
		DB5A252629CEB04700A84EC3 /* LandmarkList.swift in Sources */ = {isa = PBXBuildFile; fileRef = DB5A252529CEB04700A84EC3 /* LandmarkList.swift */; };
		DB5A252829CEE38B00A84EC3 /* LandmarkDetail.swift in Sources */ = {isa = PBXBuildFile; fileRef = DB5A252729CEE38B00A84EC3 /* LandmarkDetail.swift */; };
		DBCF9A2229CFE0E700416166 /* FavoriteButton.swift in Sources */ = {isa = PBXBuildFile; fileRef = DBCF9A2129CFE0E700416166 /* FavoriteButton.swift */; };
/* End PBXBuildFile section */

/* Begin PBXContainerItemProxy section */
		DB5A24F829CD171B00A84EC3 /* PBXContainerItemProxy */ = {
			isa = PBXContainerItemProxy;
			containerPortal = DB5A24DE29CD171A00A84EC3 /* Project object */;
			proxyType = 1;
			remoteGlobalIDString = DB5A24E529CD171A00A84EC3;
			remoteInfo = NationalParks;
		};
		DB5A250229CD171B00A84EC3 /* PBXContainerItemProxy */ = {
			isa = PBXContainerItemProxy;
			containerPortal = DB5A24DE29CD171A00A84EC3 /* Project object */;
			proxyType = 1;
			remoteGlobalIDString = DB5A24E529CD171A00A84EC3;
			remoteInfo = NationalParks;
		};
/* End PBXContainerItemProxy section */

/* Begin PBXFileReference section */
		DB5A24E629CD171A00A84EC3 /* Landmarks.app */ = {isa = PBXFileReference; explicitFileType = wrapper.application; includeInIndex = 0; path = Landmarks.app; sourceTree = BUILT_PRODUCTS_DIR; };
		DB5A24E929CD171A00A84EC3 /* LandmarksApp.swift */ = {isa = PBXFileReference; lastKnownFileType = sourcecode.swift; path = LandmarksApp.swift; sourceTree = "<group>"; };
		DB5A24EB29CD171A00A84EC3 /* ContentView.swift */ = {isa = PBXFileReference; lastKnownFileType = sourcecode.swift; path = ContentView.swift; sourceTree = "<group>"; };
		DB5A24ED29CD171B00A84EC3 /* Assets.xcassets */ = {isa = PBXFileReference; lastKnownFileType = folder.assetcatalog; path = Assets.xcassets; sourceTree = "<group>"; };
		DB5A24EF29CD171B00A84EC3 /* Landmarks.entitlements */ = {isa = PBXFileReference; lastKnownFileType = text.plist.entitlements; path = Landmarks.entitlements; sourceTree = "<group>"; };
		DB5A24F129CD171B00A84EC3 /* Preview Assets.xcassets */ = {isa = PBXFileReference; lastKnownFileType = folder.assetcatalog; path = "Preview Assets.xcassets"; sourceTree = "<group>"; };
		DB5A24F729CD171B00A84EC3 /* LandmarksTests.xctest */ = {isa = PBXFileReference; explicitFileType = wrapper.cfbundle; includeInIndex = 0; path = LandmarksTests.xctest; sourceTree = BUILT_PRODUCTS_DIR; };
		DB5A24FB29CD171B00A84EC3 /* LandmarksTests.swift */ = {isa = PBXFileReference; lastKnownFileType = sourcecode.swift; path = LandmarksTests.swift; sourceTree = "<group>"; };
		DB5A250129CD171B00A84EC3 /* LandmarksUITests.xctest */ = {isa = PBXFileReference; explicitFileType = wrapper.cfbundle; includeInIndex = 0; path = LandmarksUITests.xctest; sourceTree = BUILT_PRODUCTS_DIR; };
		DB5A250529CD171C00A84EC3 /* LandmarksUITests.swift */ = {isa = PBXFileReference; lastKnownFileType = sourcecode.swift; path = LandmarksUITests.swift; sourceTree = "<group>"; };
		DB5A250729CD171C00A84EC3 /* LandmarksUITestsLaunchTests.swift */ = {isa = PBXFileReference; lastKnownFileType = sourcecode.swift; path = LandmarksUITestsLaunchTests.swift; sourceTree = "<group>"; };
		DB5A251429CD4A5A00A84EC3 /* CircleImage.swift */ = {isa = PBXFileReference; lastKnownFileType = sourcecode.swift; path = CircleImage.swift; sourceTree = "<group>"; };
		DB5A251629CD4B6000A84EC3 /* MapView.swift */ = {isa = PBXFileReference; lastKnownFileType = sourcecode.swift; path = MapView.swift; sourceTree = "<group>"; };
		DB5A251829CE60CC00A84EC3 /* landmarkData.json */ = {isa = PBXFileReference; fileEncoding = 4; lastKnownFileType = text.json; path = landmarkData.json; sourceTree = "<group>"; };
		DB5A251A29CE60F100A84EC3 /* Landmark.swift */ = {isa = PBXFileReference; lastKnownFileType = sourcecode.swift; path = Landmark.swift; sourceTree = "<group>"; };
		DB5A251C29CE670400A84EC3 /* ModelData.swift */ = {isa = PBXFileReference; lastKnownFileType = sourcecode.swift; path = ModelData.swift; sourceTree = "<group>"; };
		DB5A252329CEAD5700A84EC3 /* LandmarkRow.swift */ = {isa = PBXFileReference; lastKnownFileType = sourcecode.swift; path = LandmarkRow.swift; sourceTree = "<group>"; };
		DB5A252529CEB04700A84EC3 /* LandmarkList.swift */ = {isa = PBXFileReference; lastKnownFileType = sourcecode.swift; path = LandmarkList.swift; sourceTree = "<group>"; };
		DB5A252729CEE38B00A84EC3 /* LandmarkDetail.swift */ = {isa = PBXFileReference; lastKnownFileType = sourcecode.swift; path = LandmarkDetail.swift; sourceTree = "<group>"; };
		DBCF9A2129CFE0E700416166 /* FavoriteButton.swift */ = {isa = PBXFileReference; lastKnownFileType = sourcecode.swift; path = FavoriteButton.swift; sourceTree = "<group>"; };
/* End PBXFileReference section */

/* Begin PBXFrameworksBuildPhase section */
		DB5A24E329CD171A00A84EC3 /* Frameworks */ = {
			isa = PBXFrameworksBuildPhase;
			buildActionMask = 2147483647;
			files = (
			);
			runOnlyForDeploymentPostprocessing = 0;
		};
		DB5A24F429CD171B00A84EC3 /* Frameworks */ = {
			isa = PBXFrameworksBuildPhase;
			buildActionMask = 2147483647;
			files = (
			);
			runOnlyForDeploymentPostprocessing = 0;
		};
		DB5A24FE29CD171B00A84EC3 /* Frameworks */ = {
			isa = PBXFrameworksBuildPhase;
			buildActionMask = 2147483647;
			files = (
			);
			runOnlyForDeploymentPostprocessing = 0;
		};
/* End PBXFrameworksBuildPhase section */

/* Begin PBXGroup section */
		DB5A24DD29CD171A00A84EC3 = {
			isa = PBXGroup;
			children = (
				DB5A24E829CD171A00A84EC3 /* Landmarks */,
				DB5A24FA29CD171B00A84EC3 /* LandmarksTests */,
				DB5A250429CD171C00A84EC3 /* LandmarksUITests */,
				DB5A24E729CD171A00A84EC3 /* Products */,
			);
			sourceTree = "<group>";
		};
		DB5A24E729CD171A00A84EC3 /* Products */ = {
			isa = PBXGroup;
			children = (
				DB5A24E629CD171A00A84EC3 /* Landmarks.app */,
				DB5A24F729CD171B00A84EC3 /* LandmarksTests.xctest */,
				DB5A250129CD171B00A84EC3 /* LandmarksUITests.xctest */,
			);
			name = Products;
			sourceTree = "<group>";
		};
		DB5A24E829CD171A00A84EC3 /* Landmarks */ = {
			isa = PBXGroup;
			children = (
				DBCF9A2329CFE1C800416166 /* Helpers */,
				DB5A251F29CEABD700A84EC3 /* Model */,
				DB5A252029CEABF600A84EC3 /* Resources */,
				DB5A251E29CE6AA200A84EC3 /* Views */,
				DB5A24E929CD171A00A84EC3 /* LandmarksApp.swift */,
				DB5A24ED29CD171B00A84EC3 /* Assets.xcassets */,
				DB5A24EF29CD171B00A84EC3 /* Landmarks.entitlements */,
				DB5A24F029CD171B00A84EC3 /* Preview Content */,
			);
			path = Landmarks;
			sourceTree = "<group>";
		};
		DB5A24F029CD171B00A84EC3 /* Preview Content */ = {
			isa = PBXGroup;
			children = (
				DB5A24F129CD171B00A84EC3 /* Preview Assets.xcassets */,
			);
			path = "Preview Content";
			sourceTree = "<group>";
		};
		DB5A24FA29CD171B00A84EC3 /* LandmarksTests */ = {
			isa = PBXGroup;
			children = (
				DB5A24FB29CD171B00A84EC3 /* LandmarksTests.swift */,
			);
			path = LandmarksTests;
			sourceTree = "<group>";
		};
		DB5A250429CD171C00A84EC3 /* LandmarksUITests */ = {
			isa = PBXGroup;
			children = (
				DB5A250529CD171C00A84EC3 /* LandmarksUITests.swift */,
				DB5A250729CD171C00A84EC3 /* LandmarksUITestsLaunchTests.swift */,
			);
			path = LandmarksUITests;
			sourceTree = "<group>";
		};
		DB5A251E29CE6AA200A84EC3 /* Views */ = {
			isa = PBXGroup;
			children = (
				DB5A24EB29CD171A00A84EC3 /* ContentView.swift */,
				DB5A252329CEAD5700A84EC3 /* LandmarkRow.swift */,
				DB5A252529CEB04700A84EC3 /* LandmarkList.swift */,
				DB5A252729CEE38B00A84EC3 /* LandmarkDetail.swift */,
			);
			path = Views;
			sourceTree = "<group>";
		};
		DB5A251F29CEABD700A84EC3 /* Model */ = {
			isa = PBXGroup;
			children = (
				DB5A251A29CE60F100A84EC3 /* Landmark.swift */,
				DB5A251C29CE670400A84EC3 /* ModelData.swift */,
			);
			path = Model;
			sourceTree = "<group>";
		};
		DB5A252029CEABF600A84EC3 /* Resources */ = {
			isa = PBXGroup;
			children = (
				DB5A251829CE60CC00A84EC3 /* landmarkData.json */,
			);
			path = Resources;
			sourceTree = "<group>";
		};
		DBCF9A2329CFE1C800416166 /* Helpers */ = {
			isa = PBXGroup;
			children = (
				DB5A251429CD4A5A00A84EC3 /* CircleImage.swift */,
				DB5A251629CD4B6000A84EC3 /* MapView.swift */,
				DBCF9A2129CFE0E700416166 /* FavoriteButton.swift */,
			);
			path = Helpers;
			sourceTree = "<group>";
		};
/* End PBXGroup section */

/* Begin PBXNativeTarget section */
		DB5A24E529CD171A00A84EC3 /* Landmarks */ = {
			isa = PBXNativeTarget;
			buildConfigurationList = DB5A250B29CD171C00A84EC3 /* Build configuration list for PBXNativeTarget "Landmarks" */;
			buildPhases = (
				DB5A24E229CD171A00A84EC3 /* Sources */,
				DB5A24E329CD171A00A84EC3 /* Frameworks */,
				DB5A24E429CD171A00A84EC3 /* Resources */,
			);
			buildRules = (
			);
			dependencies = (
			);
			name = Landmarks;
			productName = NationalParks;
			productReference = DB5A24E629CD171A00A84EC3 /* Landmarks.app */;
			productType = "com.apple.product-type.application";
		};
		DB5A24F629CD171B00A84EC3 /* LandmarksTests */ = {
			isa = PBXNativeTarget;
			buildConfigurationList = DB5A250E29CD171C00A84EC3 /* Build configuration list for PBXNativeTarget "LandmarksTests" */;
			buildPhases = (
				DB5A24F329CD171B00A84EC3 /* Sources */,
				DB5A24F429CD171B00A84EC3 /* Frameworks */,
				DB5A24F529CD171B00A84EC3 /* Resources */,
			);
			buildRules = (
			);
			dependencies = (
				DB5A24F929CD171B00A84EC3 /* PBXTargetDependency */,
			);
			name = LandmarksTests;
			productName = NationalParksTests;
			productReference = DB5A24F729CD171B00A84EC3 /* LandmarksTests.xctest */;
			productType = "com.apple.product-type.bundle.unit-test";
		};
		DB5A250029CD171B00A84EC3 /* LandmarksUITests */ = {
			isa = PBXNativeTarget;
			buildConfigurationList = DB5A251129CD171C00A84EC3 /* Build configuration list for PBXNativeTarget "LandmarksUITests" */;
			buildPhases = (
				DB5A24FD29CD171B00A84EC3 /* Sources */,
				DB5A24FE29CD171B00A84EC3 /* Frameworks */,
				DB5A24FF29CD171B00A84EC3 /* Resources */,
			);
			buildRules = (
			);
			dependencies = (
				DB5A250329CD171B00A84EC3 /* PBXTargetDependency */,
			);
			name = LandmarksUITests;
			productName = NationalParksUITests;
			productReference = DB5A250129CD171B00A84EC3 /* LandmarksUITests.xctest */;
			productType = "com.apple.product-type.bundle.ui-testing";
		};
/* End PBXNativeTarget section */

/* Begin PBXProject section */
		DB5A24DE29CD171A00A84EC3 /* Project object */ = {
			isa = PBXProject;
			attributes = {
				BuildIndependentTargetsInParallel = 1;
				LastSwiftUpdateCheck = 1420;
				LastUpgradeCheck = 1420;
				TargetAttributes = {
					DB5A24E529CD171A00A84EC3 = {
						CreatedOnToolsVersion = 14.2;
					};
					DB5A24F629CD171B00A84EC3 = {
						CreatedOnToolsVersion = 14.2;
						TestTargetID = DB5A24E529CD171A00A84EC3;
					};
					DB5A250029CD171B00A84EC3 = {
						CreatedOnToolsVersion = 14.2;
						TestTargetID = DB5A24E529CD171A00A84EC3;
					};
				};
			};
			buildConfigurationList = DB5A24E129CD171A00A84EC3 /* Build configuration list for PBXProject "Landmarks" */;
			compatibilityVersion = "Xcode 14.0";
			developmentRegion = en;
			hasScannedForEncodings = 0;
			knownRegions = (
				en,
				Base,
			);
			mainGroup = DB5A24DD29CD171A00A84EC3;
			productRefGroup = DB5A24E729CD171A00A84EC3 /* Products */;
			projectDirPath = "";
			projectRoot = "";
			targets = (
				DB5A24E529CD171A00A84EC3 /* Landmarks */,
				DB5A24F629CD171B00A84EC3 /* LandmarksTests */,
				DB5A250029CD171B00A84EC3 /* LandmarksUITests */,
			);
		};
/* End PBXProject section */

/* Begin PBXResourcesBuildPhase section */
		DB5A24E429CD171A00A84EC3 /* Resources */ = {
			isa = PBXResourcesBuildPhase;
			buildActionMask = 2147483647;
			files = (
				DB5A24F229CD171B00A84EC3 /* Preview Assets.xcassets in Resources */,
				DB5A24EE29CD171B00A84EC3 /* Assets.xcassets in Resources */,
				DB5A251929CE60CC00A84EC3 /* landmarkData.json in Resources */,
			);
			runOnlyForDeploymentPostprocessing = 0;
		};
		DB5A24F529CD171B00A84EC3 /* Resources */ = {
			isa = PBXResourcesBuildPhase;
			buildActionMask = 2147483647;
			files = (
			);
			runOnlyForDeploymentPostprocessing = 0;
		};
		DB5A24FF29CD171B00A84EC3 /* Resources */ = {
			isa = PBXResourcesBuildPhase;
			buildActionMask = 2147483647;
			files = (
			);
			runOnlyForDeploymentPostprocessing = 0;
		};
/* End PBXResourcesBuildPhase section */

/* Begin PBXSourcesBuildPhase section */
		DB5A24E229CD171A00A84EC3 /* Sources */ = {
			isa = PBXSourcesBuildPhase;
			buildActionMask = 2147483647;
			files = (
				DB5A24EC29CD171A00A84EC3 /* ContentView.swift in Sources */,
				DB5A251729CD4B6000A84EC3 /* MapView.swift in Sources */,
				DB5A24EA29CD171A00A84EC3 /* LandmarksApp.swift in Sources */,
				DBCF9A2229CFE0E700416166 /* FavoriteButton.swift in Sources */,
				DB5A252629CEB04700A84EC3 /* LandmarkList.swift in Sources */,
				DB5A252829CEE38B00A84EC3 /* LandmarkDetail.swift in Sources */,
				DB5A251529CD4A5A00A84EC3 /* CircleImage.swift in Sources */,
				DB5A251B29CE60F100A84EC3 /* Landmark.swift in Sources */,
				DB5A252429CEAD5700A84EC3 /* LandmarkRow.swift in Sources */,
				DB5A251D29CE670400A84EC3 /* ModelData.swift in Sources */,
			);
			runOnlyForDeploymentPostprocessing = 0;
		};
		DB5A24F329CD171B00A84EC3 /* Sources */ = {
			isa = PBXSourcesBuildPhase;
			buildActionMask = 2147483647;
			files = (
				DB5A24FC29CD171B00A84EC3 /* LandmarksTests.swift in Sources */,
			);
			runOnlyForDeploymentPostprocessing = 0;
		};
		DB5A24FD29CD171B00A84EC3 /* Sources */ = {
			isa = PBXSourcesBuildPhase;
			buildActionMask = 2147483647;
			files = (
				DB5A250829CD171C00A84EC3 /* LandmarksUITestsLaunchTests.swift in Sources */,
				DB5A250629CD171C00A84EC3 /* LandmarksUITests.swift in Sources */,
			);
			runOnlyForDeploymentPostprocessing = 0;
		};
/* End PBXSourcesBuildPhase section */

/* Begin PBXTargetDependency section */
		DB5A24F929CD171B00A84EC3 /* PBXTargetDependency */ = {
			isa = PBXTargetDependency;
			target = DB5A24E529CD171A00A84EC3 /* Landmarks */;
			targetProxy = DB5A24F829CD171B00A84EC3 /* PBXContainerItemProxy */;
		};
		DB5A250329CD171B00A84EC3 /* PBXTargetDependency */ = {
			isa = PBXTargetDependency;
			target = DB5A24E529CD171A00A84EC3 /* Landmarks */;
			targetProxy = DB5A250229CD171B00A84EC3 /* PBXContainerItemProxy */;
		};
/* End PBXTargetDependency section */

/* Begin XCBuildConfiguration section */
		DB5A250929CD171C00A84EC3 /* Debug */ = {
			isa = XCBuildConfiguration;
			buildSettings = {
				ALWAYS_SEARCH_USER_PATHS = NO;
				CLANG_ANALYZER_NONNULL = YES;
				CLANG_ANALYZER_NUMBER_OBJECT_CONVERSION = YES_AGGRESSIVE;
				CLANG_CXX_LANGUAGE_STANDARD = "gnu++20";
				CLANG_ENABLE_MODULES = YES;
				CLANG_ENABLE_OBJC_ARC = YES;
				CLANG_ENABLE_OBJC_WEAK = YES;
				CLANG_WARN_BLOCK_CAPTURE_AUTORELEASING = YES;
				CLANG_WARN_BOOL_CONVERSION = YES;
				CLANG_WARN_COMMA = YES;
				CLANG_WARN_CONSTANT_CONVERSION = YES;
				CLANG_WARN_DEPRECATED_OBJC_IMPLEMENTATIONS = YES;
				CLANG_WARN_DIRECT_OBJC_ISA_USAGE = YES_ERROR;
				CLANG_WARN_DOCUMENTATION_COMMENTS = YES;
				CLANG_WARN_EMPTY_BODY = YES;
				CLANG_WARN_ENUM_CONVERSION = YES;
				CLANG_WARN_INFINITE_RECURSION = YES;
				CLANG_WARN_INT_CONVERSION = YES;
				CLANG_WARN_NON_LITERAL_NULL_CONVERSION = YES;
				CLANG_WARN_OBJC_IMPLICIT_RETAIN_SELF = YES;
				CLANG_WARN_OBJC_LITERAL_CONVERSION = YES;
				CLANG_WARN_OBJC_ROOT_CLASS = YES_ERROR;
				CLANG_WARN_QUOTED_INCLUDE_IN_FRAMEWORK_HEADER = YES;
				CLANG_WARN_RANGE_LOOP_ANALYSIS = YES;
				CLANG_WARN_STRICT_PROTOTYPES = YES;
				CLANG_WARN_SUSPICIOUS_MOVE = YES;
				CLANG_WARN_UNGUARDED_AVAILABILITY = YES_AGGRESSIVE;
				CLANG_WARN_UNREACHABLE_CODE = YES;
				CLANG_WARN__DUPLICATE_METHOD_MATCH = YES;
				COPY_PHASE_STRIP = NO;
				DEBUG_INFORMATION_FORMAT = dwarf;
				ENABLE_STRICT_OBJC_MSGSEND = YES;
				ENABLE_TESTABILITY = YES;
				GCC_C_LANGUAGE_STANDARD = gnu11;
				GCC_DYNAMIC_NO_PIC = NO;
				GCC_NO_COMMON_BLOCKS = YES;
				GCC_OPTIMIZATION_LEVEL = 0;
				GCC_PREPROCESSOR_DEFINITIONS = (
					"DEBUG=1",
					"$(inherited)",
				);
				GCC_WARN_64_TO_32_BIT_CONVERSION = YES;
				GCC_WARN_ABOUT_RETURN_TYPE = YES_ERROR;
				GCC_WARN_UNDECLARED_SELECTOR = YES;
				GCC_WARN_UNINITIALIZED_AUTOS = YES_AGGRESSIVE;
				GCC_WARN_UNUSED_FUNCTION = YES;
				GCC_WARN_UNUSED_VARIABLE = YES;
				MTL_ENABLE_DEBUG_INFO = INCLUDE_SOURCE;
				MTL_FAST_MATH = YES;
				ONLY_ACTIVE_ARCH = YES;
				SWIFT_ACTIVE_COMPILATION_CONDITIONS = DEBUG;
				SWIFT_OPTIMIZATION_LEVEL = "-Onone";
			};
			name = Debug;
		};
		DB5A250A29CD171C00A84EC3 /* Release */ = {
			isa = XCBuildConfiguration;
			buildSettings = {
				ALWAYS_SEARCH_USER_PATHS = NO;
				CLANG_ANALYZER_NONNULL = YES;
				CLANG_ANALYZER_NUMBER_OBJECT_CONVERSION = YES_AGGRESSIVE;
				CLANG_CXX_LANGUAGE_STANDARD = "gnu++20";
				CLANG_ENABLE_MODULES = YES;
				CLANG_ENABLE_OBJC_ARC = YES;
				CLANG_ENABLE_OBJC_WEAK = YES;
				CLANG_WARN_BLOCK_CAPTURE_AUTORELEASING = YES;
				CLANG_WARN_BOOL_CONVERSION = YES;
				CLANG_WARN_COMMA = YES;
				CLANG_WARN_CONSTANT_CONVERSION = YES;
				CLANG_WARN_DEPRECATED_OBJC_IMPLEMENTATIONS = YES;
				CLANG_WARN_DIRECT_OBJC_ISA_USAGE = YES_ERROR;
				CLANG_WARN_DOCUMENTATION_COMMENTS = YES;
				CLANG_WARN_EMPTY_BODY = YES;
				CLANG_WARN_ENUM_CONVERSION = YES;
				CLANG_WARN_INFINITE_RECURSION = YES;
				CLANG_WARN_INT_CONVERSION = YES;
				CLANG_WARN_NON_LITERAL_NULL_CONVERSION = YES;
				CLANG_WARN_OBJC_IMPLICIT_RETAIN_SELF = YES;
				CLANG_WARN_OBJC_LITERAL_CONVERSION = YES;
				CLANG_WARN_OBJC_ROOT_CLASS = YES_ERROR;
				CLANG_WARN_QUOTED_INCLUDE_IN_FRAMEWORK_HEADER = YES;
				CLANG_WARN_RANGE_LOOP_ANALYSIS = YES;
				CLANG_WARN_STRICT_PROTOTYPES = YES;
				CLANG_WARN_SUSPICIOUS_MOVE = YES;
				CLANG_WARN_UNGUARDED_AVAILABILITY = YES_AGGRESSIVE;
				CLANG_WARN_UNREACHABLE_CODE = YES;
				CLANG_WARN__DUPLICATE_METHOD_MATCH = YES;
				COPY_PHASE_STRIP = NO;
				DEBUG_INFORMATION_FORMAT = "dwarf-with-dsym";
				ENABLE_NS_ASSERTIONS = NO;
				ENABLE_STRICT_OBJC_MSGSEND = YES;
				GCC_C_LANGUAGE_STANDARD = gnu11;
				GCC_NO_COMMON_BLOCKS = YES;
				GCC_WARN_64_TO_32_BIT_CONVERSION = YES;
				GCC_WARN_ABOUT_RETURN_TYPE = YES_ERROR;
				GCC_WARN_UNDECLARED_SELECTOR = YES;
				GCC_WARN_UNINITIALIZED_AUTOS = YES_AGGRESSIVE;
				GCC_WARN_UNUSED_FUNCTION = YES;
				GCC_WARN_UNUSED_VARIABLE = YES;
				MTL_ENABLE_DEBUG_INFO = NO;
				MTL_FAST_MATH = YES;
				SWIFT_COMPILATION_MODE = wholemodule;
				SWIFT_OPTIMIZATION_LEVEL = "-O";
			};
			name = Release;
		};
		DB5A250C29CD171C00A84EC3 /* Debug */ = {
			isa = XCBuildConfiguration;
			buildSettings = {
				ASSETCATALOG_COMPILER_APPICON_NAME = AppIcon;
				ASSETCATALOG_COMPILER_GLOBAL_ACCENT_COLOR_NAME = AccentColor;
				CODE_SIGN_ENTITLEMENTS = Landmarks/Landmarks.entitlements;
				"CODE_SIGN_IDENTITY[sdk=macosx*]" = "Apple Development";
				CODE_SIGN_STYLE = Automatic;
				CURRENT_PROJECT_VERSION = 1;
				DEVELOPMENT_ASSET_PATHS = "\"Landmarks/Preview Content\"";
				DEVELOPMENT_TEAM = 6H8UG5TS9L;
				ENABLE_HARDENED_RUNTIME = YES;
				ENABLE_PREVIEWS = YES;
				GENERATE_INFOPLIST_FILE = YES;
				"INFOPLIST_KEY_UIApplicationSceneManifest_Generation[sdk=iphoneos*]" = YES;
				"INFOPLIST_KEY_UIApplicationSceneManifest_Generation[sdk=iphonesimulator*]" = YES;
				"INFOPLIST_KEY_UIApplicationSupportsIndirectInputEvents[sdk=iphoneos*]" = YES;
				"INFOPLIST_KEY_UIApplicationSupportsIndirectInputEvents[sdk=iphonesimulator*]" = YES;
				"INFOPLIST_KEY_UILaunchScreen_Generation[sdk=iphoneos*]" = YES;
				"INFOPLIST_KEY_UILaunchScreen_Generation[sdk=iphonesimulator*]" = YES;
				"INFOPLIST_KEY_UIStatusBarStyle[sdk=iphoneos*]" = UIStatusBarStyleDefault;
				"INFOPLIST_KEY_UIStatusBarStyle[sdk=iphonesimulator*]" = UIStatusBarStyleDefault;
				INFOPLIST_KEY_UISupportedInterfaceOrientations_iPad = "UIInterfaceOrientationPortrait UIInterfaceOrientationPortraitUpsideDown UIInterfaceOrientationLandscapeLeft UIInterfaceOrientationLandscapeRight";
				INFOPLIST_KEY_UISupportedInterfaceOrientations_iPhone = "UIInterfaceOrientationPortrait UIInterfaceOrientationLandscapeLeft UIInterfaceOrientationLandscapeRight";
				IPHONEOS_DEPLOYMENT_TARGET = 16.2;
				LD_RUNPATH_SEARCH_PATHS = "@executable_path/Frameworks";
				"LD_RUNPATH_SEARCH_PATHS[sdk=macosx*]" = "@executable_path/../Frameworks";
				MACOSX_DEPLOYMENT_TARGET = 13.1;
				MARKETING_VERSION = 1.0;
				PRODUCT_BUNDLE_IDENTIFIER = alejandroklever.Landmarks;
				PRODUCT_NAME = "$(TARGET_NAME)";
				SDKROOT = auto;
				SUPPORTED_PLATFORMS = "iphoneos iphonesimulator macosx";
				SWIFT_EMIT_LOC_STRINGS = YES;
				SWIFT_VERSION = 5.0;
				TARGETED_DEVICE_FAMILY = "1,2";
			};
			name = Debug;
		};
		DB5A250D29CD171C00A84EC3 /* Release */ = {
			isa = XCBuildConfiguration;
			buildSettings = {
				ASSETCATALOG_COMPILER_APPICON_NAME = AppIcon;
				ASSETCATALOG_COMPILER_GLOBAL_ACCENT_COLOR_NAME = AccentColor;
				CODE_SIGN_ENTITLEMENTS = Landmarks/Landmarks.entitlements;
				"CODE_SIGN_IDENTITY[sdk=macosx*]" = "Apple Development";
				CODE_SIGN_STYLE = Automatic;
				CURRENT_PROJECT_VERSION = 1;
				DEVELOPMENT_ASSET_PATHS = "\"Landmarks/Preview Content\"";
				DEVELOPMENT_TEAM = 6H8UG5TS9L;
				ENABLE_HARDENED_RUNTIME = YES;
				ENABLE_PREVIEWS = YES;
				GENERATE_INFOPLIST_FILE = YES;
				"INFOPLIST_KEY_UIApplicationSceneManifest_Generation[sdk=iphoneos*]" = YES;
				"INFOPLIST_KEY_UIApplicationSceneManifest_Generation[sdk=iphonesimulator*]" = YES;
				"INFOPLIST_KEY_UIApplicationSupportsIndirectInputEvents[sdk=iphoneos*]" = YES;
				"INFOPLIST_KEY_UIApplicationSupportsIndirectInputEvents[sdk=iphonesimulator*]" = YES;
				"INFOPLIST_KEY_UILaunchScreen_Generation[sdk=iphoneos*]" = YES;
				"INFOPLIST_KEY_UILaunchScreen_Generation[sdk=iphonesimulator*]" = YES;
				"INFOPLIST_KEY_UIStatusBarStyle[sdk=iphoneos*]" = UIStatusBarStyleDefault;
				"INFOPLIST_KEY_UIStatusBarStyle[sdk=iphonesimulator*]" = UIStatusBarStyleDefault;
				INFOPLIST_KEY_UISupportedInterfaceOrientations_iPad = "UIInterfaceOrientationPortrait UIInterfaceOrientationPortraitUpsideDown UIInterfaceOrientationLandscapeLeft UIInterfaceOrientationLandscapeRight";
				INFOPLIST_KEY_UISupportedInterfaceOrientations_iPhone = "UIInterfaceOrientationPortrait UIInterfaceOrientationLandscapeLeft UIInterfaceOrientationLandscapeRight";
				IPHONEOS_DEPLOYMENT_TARGET = 16.2;
				LD_RUNPATH_SEARCH_PATHS = "@executable_path/Frameworks";
				"LD_RUNPATH_SEARCH_PATHS[sdk=macosx*]" = "@executable_path/../Frameworks";
				MACOSX_DEPLOYMENT_TARGET = 13.1;
				MARKETING_VERSION = 1.0;
				PRODUCT_BUNDLE_IDENTIFIER = alejandroklever.Landmarks;
				PRODUCT_NAME = "$(TARGET_NAME)";
				SDKROOT = auto;
				SUPPORTED_PLATFORMS = "iphoneos iphonesimulator macosx";
				SWIFT_EMIT_LOC_STRINGS = YES;
				SWIFT_VERSION = 5.0;
				TARGETED_DEVICE_FAMILY = "1,2";
			};
			name = Release;
		};
		DB5A250F29CD171C00A84EC3 /* Debug */ = {
			isa = XCBuildConfiguration;
			buildSettings = {
				ALWAYS_EMBED_SWIFT_STANDARD_LIBRARIES = YES;
				BUNDLE_LOADER = "$(TEST_HOST)";
				CODE_SIGN_STYLE = Automatic;
				CURRENT_PROJECT_VERSION = 1;
				DEVELOPMENT_TEAM = 6H8UG5TS9L;
				GENERATE_INFOPLIST_FILE = YES;
				IPHONEOS_DEPLOYMENT_TARGET = 16.2;
				MACOSX_DEPLOYMENT_TARGET = 13.1;
				MARKETING_VERSION = 1.0;
				PRODUCT_BUNDLE_IDENTIFIER = alejandroklever.NationalParksTests;
				PRODUCT_NAME = "$(TARGET_NAME)";
				SDKROOT = auto;
				SUPPORTED_PLATFORMS = "iphoneos iphonesimulator macosx";
				SWIFT_EMIT_LOC_STRINGS = NO;
				SWIFT_VERSION = 5.0;
				TARGETED_DEVICE_FAMILY = "1,2";
				TEST_HOST = "$(BUILT_PRODUCTS_DIR)/Landmarks.app/$(BUNDLE_EXECUTABLE_FOLDER_PATH)/Landmarks";
			};
			name = Debug;
		};
		DB5A251029CD171C00A84EC3 /* Release */ = {
			isa = XCBuildConfiguration;
			buildSettings = {
				ALWAYS_EMBED_SWIFT_STANDARD_LIBRARIES = YES;
				BUNDLE_LOADER = "$(TEST_HOST)";
				CODE_SIGN_STYLE = Automatic;
				CURRENT_PROJECT_VERSION = 1;
				DEVELOPMENT_TEAM = 6H8UG5TS9L;
				GENERATE_INFOPLIST_FILE = YES;
				IPHONEOS_DEPLOYMENT_TARGET = 16.2;
				MACOSX_DEPLOYMENT_TARGET = 13.1;
				MARKETING_VERSION = 1.0;
				PRODUCT_BUNDLE_IDENTIFIER = alejandroklever.NationalParksTests;
				PRODUCT_NAME = "$(TARGET_NAME)";
				SDKROOT = auto;
				SUPPORTED_PLATFORMS = "iphoneos iphonesimulator macosx";
				SWIFT_EMIT_LOC_STRINGS = NO;
				SWIFT_VERSION = 5.0;
				TARGETED_DEVICE_FAMILY = "1,2";
				TEST_HOST = "$(BUILT_PRODUCTS_DIR)/Landmarks.app/$(BUNDLE_EXECUTABLE_FOLDER_PATH)/Landmarks";
			};
			name = Release;
		};
		DB5A251229CD171C00A84EC3 /* Debug */ = {
			isa = XCBuildConfiguration;
			buildSettings = {
				ALWAYS_EMBED_SWIFT_STANDARD_LIBRARIES = YES;
				CODE_SIGN_STYLE = Automatic;
				CURRENT_PROJECT_VERSION = 1;
				DEVELOPMENT_TEAM = 6H8UG5TS9L;
				GENERATE_INFOPLIST_FILE = YES;
				IPHONEOS_DEPLOYMENT_TARGET = 16.2;
				MACOSX_DEPLOYMENT_TARGET = 13.1;
				MARKETING_VERSION = 1.0;
				PRODUCT_BUNDLE_IDENTIFIER = alejandroklever.NationalParksUITests;
				PRODUCT_NAME = "$(TARGET_NAME)";
				SDKROOT = auto;
				SUPPORTED_PLATFORMS = "iphoneos iphonesimulator macosx";
				SWIFT_EMIT_LOC_STRINGS = NO;
				SWIFT_VERSION = 5.0;
				TARGETED_DEVICE_FAMILY = "1,2";
				TEST_TARGET_NAME = NationalParks;
			};
			name = Debug;
		};
		DB5A251329CD171C00A84EC3 /* Release */ = {
			isa = XCBuildConfiguration;
			buildSettings = {
				ALWAYS_EMBED_SWIFT_STANDARD_LIBRARIES = YES;
				CODE_SIGN_STYLE = Automatic;
				CURRENT_PROJECT_VERSION = 1;
				DEVELOPMENT_TEAM = 6H8UG5TS9L;
				GENERATE_INFOPLIST_FILE = YES;
				IPHONEOS_DEPLOYMENT_TARGET = 16.2;
				MACOSX_DEPLOYMENT_TARGET = 13.1;
				MARKETING_VERSION = 1.0;
				PRODUCT_BUNDLE_IDENTIFIER = alejandroklever.NationalParksUITests;
				PRODUCT_NAME = "$(TARGET_NAME)";
				SDKROOT = auto;
				SUPPORTED_PLATFORMS = "iphoneos iphonesimulator macosx";
				SWIFT_EMIT_LOC_STRINGS = NO;
				SWIFT_VERSION = 5.0;
				TARGETED_DEVICE_FAMILY = "1,2";
				TEST_TARGET_NAME = NationalParks;
			};
			name = Release;
		};
/* End XCBuildConfiguration section */

/* Begin XCConfigurationList section */
		DB5A24E129CD171A00A84EC3 /* Build configuration list for PBXProject "Landmarks" */ = {
			isa = XCConfigurationList;
			buildConfigurations = (
				DB5A250929CD171C00A84EC3 /* Debug */,
				DB5A250A29CD171C00A84EC3 /* Release */,
			);
			defaultConfigurationIsVisible = 0;
			defaultConfigurationName = Release;
		};
		DB5A250B29CD171C00A84EC3 /* Build configuration list for PBXNativeTarget "Landmarks" */ = {
			isa = XCConfigurationList;
			buildConfigurations = (
				DB5A250C29CD171C00A84EC3 /* Debug */,
				DB5A250D29CD171C00A84EC3 /* Release */,
			);
			defaultConfigurationIsVisible = 0;
			defaultConfigurationName = Release;
		};
		DB5A250E29CD171C00A84EC3 /* Build configuration list for PBXNativeTarget "LandmarksTests" */ = {
			isa = XCConfigurationList;
			buildConfigurations = (
				DB5A250F29CD171C00A84EC3 /* Debug */,
				DB5A251029CD171C00A84EC3 /* Release */,
			);
			defaultConfigurationIsVisible = 0;
			defaultConfigurationName = Release;
		};
		DB5A251129CD171C00A84EC3 /* Build configuration list for PBXNativeTarget "LandmarksUITests" */ = {
			isa = XCConfigurationList;
			buildConfigurations = (
				DB5A251229CD171C00A84EC3 /* Debug */,
				DB5A251329CD171C00A84EC3 /* Release */,
			);
			defaultConfigurationIsVisible = 0;
			defaultConfigurationName = Release;
		};
/* End XCConfigurationList section */
	};
	rootObject = DB5A24DE29CD171A00A84EC3 /* Project object */;
}
